{
  "version": 4,
  "terraform_version": "1.5.7",
  "serial": 21,
  "lineage": "ddf43f23-68c0-b703-9079-2863f22db9ca",
  "outputs": {},
  "resources": [
    {
      "mode": "managed",
      "type": "civo_firewall",
      "name": "firewall",
      "provider": "provider[\"registry.terraform.io/civo/civo\"]",
      "instances": [
        {
          "schema_version": 0,
          "attributes": {
            "create_default_rules": false,
            "egress_rule": [],
            "id": "507e6011-0883-41f7-95fd-a2f0a9267e80",
            "ingress_rule": [
              {
                "action": "allow",
                "cidr": [
                  "0.0.0.0/0"
                ],
                "id": "9b6f2d5d-96c7-4fae-a40f-5fb0d8becb00",
                "label": "kubernetes-api-server",
                "port_range": "6443",
                "protocol": "tcp"
              }
            ],
            "name": "tf-template-firewall",
            "network_id": "f1c29469-ad02-425f-a39c-d64ea75a15c2",
            "region": "FRA1"
          },
          "sensitive_attributes": [],
          "private": "bnVsbA=="
        }
      ]
    },
    {
      "mode": "managed",
      "type": "civo_firewall",
      "name": "firewall-ingress",
      "provider": "provider[\"registry.terraform.io/civo/civo\"]",
      "instances": [
        {
          "schema_version": 0,
          "attributes": {
            "create_default_rules": false,
            "egress_rule": [],
            "id": "46c9d935-b980-4530-8823-f3e2d3baf817",
            "ingress_rule": [
              {
                "action": "allow",
                "cidr": [
                  "0.0.0.0/0"
                ],
                "id": "44bdbc10-3984-4ef5-a96f-d55ac1d78750",
                "label": "web",
                "port_range": "80",
                "protocol": "tcp"
              },
              {
                "action": "allow",
                "cidr": [
                  "0.0.0.0/0"
                ],
                "id": "a40853ea-db0f-4a5c-89eb-8d5b9af2e1ab",
                "label": "websecure",
                "port_range": "443",
                "protocol": "tcp"
              }
            ],
            "name": "tf-template-firewall-ingress",
            "network_id": "f1c29469-ad02-425f-a39c-d64ea75a15c2",
            "region": "FRA1"
          },
          "sensitive_attributes": [],
          "private": "bnVsbA=="
        }
      ]
    },
    {
      "mode": "managed",
      "type": "civo_kubernetes_cluster",
      "name": "cluster",
      "provider": "provider[\"registry.terraform.io/civo/civo\"]",
      "instances": [
        {
          "schema_version": 0,
          "attributes": {
            "api_endpoint": "https://74.220.27.107:6443",
            "applications": null,
            "cluster_type": "k3s",
            "cni": "flannel",
            "created_at": "2024-01-03 07:53:18 +0000 UTC",
            "dns_entry": "cf97e5b9-cf66-4a50-9e99-d3653925fda9.k8s.civo.com",
            "firewall_id": "507e6011-0883-41f7-95fd-a2f0a9267e80",
            "id": "cf97e5b9-cf66-4a50-9e99-d3653925fda9",
            "installed_applications": [],
            "kubeconfig": "apiVersion: v1\nclusters:\n- cluster:\n    certificate-authority-data: LS0tLS1CRUdJTiBDRVJUSUZJQ0FURS0tLS0tCk1JSUJkekNDQVIyZ0F3SUJBZ0lCQURBS0JnZ3Foa2pPUFFRREFqQWpNU0V3SHdZRFZRUUREQmhyTTNNdGMyVnkKZG1WeUxXTmhRREUzTURReU5qZzBOelF3SGhjTk1qUXdNVEF6TURjMU5ETTBXaGNOTXpNeE1qTXhNRGMxTkRNMApXakFqTVNFd0h3WURWUVFEREJock0zTXRjMlZ5ZG1WeUxXTmhRREUzTURReU5qZzBOelF3V1RBVEJnY3Foa2pPClBRSUJCZ2dxaGtqT1BRTUJCd05DQUFTbWVHR1Y3TVp5Q3JsYWxpYzNGYWI2RkdnYWJ4NG43YVJucUNyRDRDbmIKUFhGSGN0WStrQk5QOTJxMVpiekR2MFVMdCtleGo0bytudkc0QmNxdytaeDhvMEl3UURBT0JnTlZIUThCQWY4RQpCQU1DQXFRd0R3WURWUjBUQVFIL0JBVXdBd0VCL3pBZEJnTlZIUTRFRmdRVUZwOWRmZThQTGdHZGZRS3RyUVJvCjlNRHcvcU13Q2dZSUtvWkl6ajBFQXdJRFNBQXdSUUlnSWhWcFlEUXZ2eGlHQlRYR2dmNmg5MDNaRk9QQXg2QkoKbllPQU41dUxHVDhDSVFEZzF1bjAvUXF3UHVhS1ZybEs2QlZJZ0RaSXZtbmtwYi9wZTNFbERXdS9QQT09Ci0tLS0tRU5EIENFUlRJRklDQVRFLS0tLS0K\n    server: https://74.220.27.107:6443\n  name: tf-template-cluster\ncontexts:\n- context:\n    cluster: tf-template-cluster\n    user: tf-template-cluster\n  name: tf-template-cluster\ncurrent-context: tf-template-cluster\nkind: Config\npreferences: {}\nusers:\n- name: tf-template-cluster\n  user:\n    client-certificate-data: LS0tLS1CRUdJTiBDRVJUSUZJQ0FURS0tLS0tCk1JSUJrVENDQVRlZ0F3SUJBZ0lJU3p0UzZyT3NvZ013Q2dZSUtvWkl6ajBFQXdJd0l6RWhNQjhHQTFVRUF3d1kKYXpOekxXTnNhV1Z1ZEMxallVQXhOekEwTWpZNE5EYzBNQjRYRFRJME1ERXdNekEzTlRRek5Gb1hEVEkxTURFdwpNakEzTlRRek5Gb3dNREVYTUJVR0ExVUVDaE1PYzNsemRHVnRPbTFoYzNSbGNuTXhGVEFUQmdOVkJBTVRESE41CmMzUmxiVHBoWkcxcGJqQlpNQk1HQnlxR1NNNDlBZ0VHQ0NxR1NNNDlBd0VIQTBJQUJHUS9pNEx1SEp3ejlxdFgKWUVwSzRRM3ZqRXd5aHBUY0plZ1ZnempyV0RzNzlYTm1JTmZXMmJoL3hTR1QvUXNBMHRuNVNhRWxXSi9NUytvdQpmRGtYOXR5alNEQkdNQTRHQTFVZER3RUIvd1FFQXdJRm9EQVRCZ05WSFNVRUREQUtCZ2dyQmdFRkJRY0RBakFmCkJnTlZIU01FR0RBV2dCUkVnaDh0dHBDU29zejJPUituY0dZUGRRK2I0REFLQmdncWhrak9QUVFEQWdOSUFEQkYKQWlFQXlTWjJRbnp3emY3U1RGUlpIcDJLQytIS0tZcGZlWG5zL29MSEZOaWJuSFFDSUdUMWFLNDNOR3o2SzNUagpXYTdrYmZEdSs2S1pKQUFPS3hlWG9jdkgrc04yCi0tLS0tRU5EIENFUlRJRklDQVRFLS0tLS0KLS0tLS1CRUdJTiBDRVJUSUZJQ0FURS0tLS0tCk1JSUJkakNDQVIyZ0F3SUJBZ0lCQURBS0JnZ3Foa2pPUFFRREFqQWpNU0V3SHdZRFZRUUREQmhyTTNNdFkyeHAKWlc1MExXTmhRREUzTURReU5qZzBOelF3SGhjTk1qUXdNVEF6TURjMU5ETTBXaGNOTXpNeE1qTXhNRGMxTkRNMApXakFqTVNFd0h3WURWUVFEREJock0zTXRZMnhwWlc1MExXTmhRREUzTURReU5qZzBOelF3V1RBVEJnY3Foa2pPClBRSUJCZ2dxaGtqT1BRTUJCd05DQUFRbnlrWkhYVjBNTXFKWExjaXp3OHN1Z2hDSXlqNkdyS3A1THdycHZaMXYKRmhIcTNaVmt1Yi9kM2M2QzdONlo0dnBXWEZvYzN6eFBEQ2lUNzVpaTNHSC9vMEl3UURBT0JnTlZIUThCQWY4RQpCQU1DQXFRd0R3WURWUjBUQVFIL0JBVXdBd0VCL3pBZEJnTlZIUTRFRmdRVVJJSWZMYmFRa3FMTTlqa2ZwM0JtCkQzVVBtK0F3Q2dZSUtvWkl6ajBFQXdJRFJ3QXdSQUlnZDFIZThtWXY1TVFWRThWWG90M3doT2pHZGdHcHFJQmgKWS9YVTZpSTJFbjRDSURvT1NocGR6SDk0R2UvRmdMY2hYK05jWUMxZXdPWlpjNVgxVlp2eVI1RkoKLS0tLS1FTkQgQ0VSVElGSUNBVEUtLS0tLQo=\n    client-key-data: LS0tLS1CRUdJTiBFQyBQUklWQVRFIEtFWS0tLS0tCk1IY0NBUUVFSURqNXhzY2ZrazJsOFc3Y1UzdWg4WVNWYURxZHpoSGYySjFvNURoemlSODNvQW9HQ0NxR1NNNDkKQXdFSG9VUURRZ0FFWkQrTGd1NGNuRFAycTFkZ1NrcmhEZStNVERLR2xOd2w2QldET090WU96djFjMllnMTliWgp1SC9GSVpQOUN3RFMyZmxKb1NWWW44eEw2aTU4T1JmMjNBPT0KLS0tLS1FTkQgRUMgUFJJVkFURSBLRVktLS0tLQo=\n",
            "kubernetes_version": "1.26.4-k3s1",
            "master_ip": "74.220.27.107",
            "name": "tf-template-cluster",
            "network_id": "f1c29469-ad02-425f-a39c-d64ea75a15c2",
            "num_target_nodes": 3,
            "pools": [
              {
                "instance_names": [
                  "k3s-tf-template-cluster-ea3a-e12973-node-pool-5c98-8vhhj",
                  "k3s-tf-template-cluster-ea3a-e12973-node-pool-5c98-dl1ng",
                  "k3s-tf-template-cluster-ea3a-e12973-node-pool-5c98-jbnls"
                ],
                "label": "288e0bfb-0800-44f9-9312-9b7fa33ee421",
                "node_count": 3,
                "size": "g4s.kube.medium"
              }
            ],
            "ready": true,
            "region": "FRA1",
            "status": "ACTIVE",
            "tags": "",
            "target_nodes_size": "g4s.kube.medium",
            "timeouts": {
              "create": "5m",
              "delete": null,
              "update": null
            }
          },
          "sensitive_attributes": [],
          "private": "eyJlMmJmYjczMC1lY2FhLTExZTYtOGY4OC0zNDM2M2JjN2M0YzAiOnsiY3JlYXRlIjozMDAwMDAwMDAwMDAsImRlbGV0ZSI6MTgwMDAwMDAwMDAwMCwidXBkYXRlIjoxODAwMDAwMDAwMDAwfX0=",
          "dependencies": [
            "civo_firewall.firewall"
          ]
        }
      ]
    },
    {
      "mode": "managed",
      "type": "helm_release",
      "name": "traefik_ingress",
      "provider": "provider[\"registry.terraform.io/hashicorp/helm\"]",
      "instances": [
        {
          "schema_version": 1,
          "attributes": {
            "atomic": false,
            "chart": "traefik",
            "cleanup_on_fail": false,
            "create_namespace": true,
            "dependency_update": false,
            "description": null,
            "devel": null,
            "disable_crd_hooks": false,
            "disable_openapi_validation": false,
            "disable_webhooks": false,
            "force_update": false,
            "id": "traefik",
            "keyring": null,
            "lint": false,
            "manifest": null,
            "max_history": 0,
            "metadata": [
              {
                "app_version": "v2.10.6",
                "chart": "traefik",
                "name": "traefik",
                "namespace": "traefik",
                "revision": 1,
                "values": "{\"service\":{\"annotations\":{\"kubernetes.civo.com/firewall-id\":\"46c9d935-b980-4530-8823-f3e2d3baf817\"}}}",
                "version": "26.0.0"
              }
            ],
            "name": "traefik",
            "namespace": "traefik",
            "pass_credentials": false,
            "postrender": [],
            "recreate_pods": false,
            "render_subchart_notes": true,
            "replace": false,
            "repository": "https://helm.traefik.io/traefik",
            "repository_ca_file": null,
            "repository_cert_file": null,
            "repository_key_file": null,
            "repository_password": null,
            "repository_username": null,
            "reset_values": false,
            "reuse_values": false,
            "set": [
              {
                "name": "service.annotations.kubernetes\\.civo\\.com/firewall-id",
                "type": "string",
                "value": "46c9d935-b980-4530-8823-f3e2d3baf817"
              }
            ],
            "set_list": [],
            "set_sensitive": [],
            "skip_crds": false,
            "status": "deployed",
            "timeout": 300,
            "values": null,
            "verify": false,
            "version": "26.0.0",
            "wait": true,
            "wait_for_jobs": false
          },
          "sensitive_attributes": [],
          "private": "eyJzY2hlbWFfdmVyc2lvbiI6IjEifQ==",
          "dependencies": [
            "civo_firewall.firewall",
            "civo_firewall.firewall-ingress",
            "civo_kubernetes_cluster.cluster"
          ]
        }
      ]
    },
    {
      "mode": "managed",
      "type": "kubernetes_deployment",
      "name": "nginx",
      "provider": "provider[\"registry.terraform.io/hashicorp/kubernetes\"]",
      "instances": [
        {
          "schema_version": 1,
          "attributes": {
            "id": "default/nginx",
            "metadata": [
              {
                "annotations": null,
                "generate_name": "",
                "generation": 1,
                "labels": null,
                "name": "nginx",
                "namespace": "default",
                "resource_version": "531",
                "uid": "b6dbd75b-4b95-481c-af3b-f45b55e2ba7e"
              }
            ],
            "spec": [
              {
                "min_ready_seconds": 0,
                "paused": false,
                "progress_deadline_seconds": 600,
                "replicas": "1",
                "revision_history_limit": 10,
                "selector": [
                  {
                    "match_expressions": [],
                    "match_labels": {
                      "nginx": "nginx"
                    }
                  }
                ],
                "strategy": [
                  {
                    "rolling_update": [
                      {
                        "max_surge": "25%",
                        "max_unavailable": "25%"
                      }
                    ],
                    "type": "RollingUpdate"
                  }
                ],
                "template": [
                  {
                    "metadata": [
                      {
                        "annotations": null,
                        "generate_name": "",
                        "generation": 0,
                        "labels": {
                          "nginx": "nginx"
                        },
                        "name": "",
                        "namespace": "",
                        "resource_version": "",
                        "uid": ""
                      }
                    ],
                    "spec": [
                      {
                        "active_deadline_seconds": 0,
                        "affinity": [],
                        "automount_service_account_token": true,
                        "container": [
                          {
                            "args": null,
                            "command": null,
                            "env": [],
                            "env_from": [],
                            "image": "nginx:1.21.6",
                            "image_pull_policy": "IfNotPresent",
                            "lifecycle": [],
                            "liveness_probe": [
                              {
                                "exec": [],
                                "failure_threshold": 3,
                                "grpc": [],
                                "http_get": [
                                  {
                                    "host": "",
                                    "http_header": [
                                      {
                                        "name": "X-Custom-Header",
                                        "value": "Awesome"
                                      }
                                    ],
                                    "path": "/",
                                    "port": "80",
                                    "scheme": "HTTP"
                                  }
                                ],
                                "initial_delay_seconds": 3,
                                "period_seconds": 3,
                                "success_threshold": 1,
                                "tcp_socket": [],
                                "timeout_seconds": 1
                              }
                            ],
                            "name": "nginx",
                            "port": [],
                            "readiness_probe": [],
                            "resources": [
                              {
                                "limits": {
                                  "cpu": "500m",
                                  "memory": "512Mi"
                                },
                                "requests": {
                                  "cpu": "250m",
                                  "memory": "50Mi"
                                }
                              }
                            ],
                            "security_context": [],
                            "startup_probe": [],
                            "stdin": false,
                            "stdin_once": false,
                            "termination_message_path": "/dev/termination-log",
                            "termination_message_policy": "File",
                            "tty": false,
                            "volume_mount": [],
                            "working_dir": ""
                          }
                        ],
                        "dns_config": [],
                        "dns_policy": "ClusterFirst",
                        "enable_service_links": true,
                        "host_aliases": [],
                        "host_ipc": false,
                        "host_network": false,
                        "host_pid": false,
                        "hostname": "",
                        "image_pull_secrets": [],
                        "init_container": [],
                        "node_name": "",
                        "node_selector": null,
                        "priority_class_name": "",
                        "readiness_gate": [],
                        "restart_policy": "Always",
                        "runtime_class_name": "",
                        "scheduler_name": "default-scheduler",
                        "security_context": [],
                        "service_account_name": "",
                        "share_process_namespace": false,
                        "subdomain": "",
                        "termination_grace_period_seconds": 30,
                        "toleration": [],
                        "topology_spread_constraint": [],
                        "volume": []
                      }
                    ]
                  }
                ]
              }
            ],
            "timeouts": null,
            "wait_for_rollout": true
          },
          "sensitive_attributes": [],
          "private": "eyJlMmJmYjczMC1lY2FhLTExZTYtOGY4OC0zNDM2M2JjN2M0YzAiOnsiY3JlYXRlIjo2MDAwMDAwMDAwMDAsImRlbGV0ZSI6NjAwMDAwMDAwMDAwLCJ1cGRhdGUiOjYwMDAwMDAwMDAwMH0sInNjaGVtYV92ZXJzaW9uIjoiMSJ9",
          "dependencies": [
            "civo_firewall.firewall",
            "civo_kubernetes_cluster.cluster"
          ]
        }
      ]
    },
    {
      "mode": "managed",
      "type": "local_file",
      "name": "cluster-config",
      "provider": "provider[\"registry.terraform.io/hashicorp/local\"]",
      "instances": [
        {
          "schema_version": 0,
          "attributes": {
            "content": "apiVersion: v1\nclusters:\n- cluster:\n    certificate-authority-data: LS0tLS1CRUdJTiBDRVJUSUZJQ0FURS0tLS0tCk1JSUJkekNDQVIyZ0F3SUJBZ0lCQURBS0JnZ3Foa2pPUFFRREFqQWpNU0V3SHdZRFZRUUREQmhyTTNNdGMyVnkKZG1WeUxXTmhRREUzTURReU5qZzBOelF3SGhjTk1qUXdNVEF6TURjMU5ETTBXaGNOTXpNeE1qTXhNRGMxTkRNMApXakFqTVNFd0h3WURWUVFEREJock0zTXRjMlZ5ZG1WeUxXTmhRREUzTURReU5qZzBOelF3V1RBVEJnY3Foa2pPClBRSUJCZ2dxaGtqT1BRTUJCd05DQUFTbWVHR1Y3TVp5Q3JsYWxpYzNGYWI2RkdnYWJ4NG43YVJucUNyRDRDbmIKUFhGSGN0WStrQk5QOTJxMVpiekR2MFVMdCtleGo0bytudkc0QmNxdytaeDhvMEl3UURBT0JnTlZIUThCQWY4RQpCQU1DQXFRd0R3WURWUjBUQVFIL0JBVXdBd0VCL3pBZEJnTlZIUTRFRmdRVUZwOWRmZThQTGdHZGZRS3RyUVJvCjlNRHcvcU13Q2dZSUtvWkl6ajBFQXdJRFNBQXdSUUlnSWhWcFlEUXZ2eGlHQlRYR2dmNmg5MDNaRk9QQXg2QkoKbllPQU41dUxHVDhDSVFEZzF1bjAvUXF3UHVhS1ZybEs2QlZJZ0RaSXZtbmtwYi9wZTNFbERXdS9QQT09Ci0tLS0tRU5EIENFUlRJRklDQVRFLS0tLS0K\n    server: https://74.220.27.107:6443\n  name: tf-template-cluster\ncontexts:\n- context:\n    cluster: tf-template-cluster\n    user: tf-template-cluster\n  name: tf-template-cluster\ncurrent-context: tf-template-cluster\nkind: Config\npreferences: {}\nusers:\n- name: tf-template-cluster\n  user:\n    client-certificate-data: LS0tLS1CRUdJTiBDRVJUSUZJQ0FURS0tLS0tCk1JSUJrVENDQVRlZ0F3SUJBZ0lJU3p0UzZyT3NvZ013Q2dZSUtvWkl6ajBFQXdJd0l6RWhNQjhHQTFVRUF3d1kKYXpOekxXTnNhV1Z1ZEMxallVQXhOekEwTWpZNE5EYzBNQjRYRFRJME1ERXdNekEzTlRRek5Gb1hEVEkxTURFdwpNakEzTlRRek5Gb3dNREVYTUJVR0ExVUVDaE1PYzNsemRHVnRPbTFoYzNSbGNuTXhGVEFUQmdOVkJBTVRESE41CmMzUmxiVHBoWkcxcGJqQlpNQk1HQnlxR1NNNDlBZ0VHQ0NxR1NNNDlBd0VIQTBJQUJHUS9pNEx1SEp3ejlxdFgKWUVwSzRRM3ZqRXd5aHBUY0plZ1ZnempyV0RzNzlYTm1JTmZXMmJoL3hTR1QvUXNBMHRuNVNhRWxXSi9NUytvdQpmRGtYOXR5alNEQkdNQTRHQTFVZER3RUIvd1FFQXdJRm9EQVRCZ05WSFNVRUREQUtCZ2dyQmdFRkJRY0RBakFmCkJnTlZIU01FR0RBV2dCUkVnaDh0dHBDU29zejJPUituY0dZUGRRK2I0REFLQmdncWhrak9QUVFEQWdOSUFEQkYKQWlFQXlTWjJRbnp3emY3U1RGUlpIcDJLQytIS0tZcGZlWG5zL29MSEZOaWJuSFFDSUdUMWFLNDNOR3o2SzNUagpXYTdrYmZEdSs2S1pKQUFPS3hlWG9jdkgrc04yCi0tLS0tRU5EIENFUlRJRklDQVRFLS0tLS0KLS0tLS1CRUdJTiBDRVJUSUZJQ0FURS0tLS0tCk1JSUJkakNDQVIyZ0F3SUJBZ0lCQURBS0JnZ3Foa2pPUFFRREFqQWpNU0V3SHdZRFZRUUREQmhyTTNNdFkyeHAKWlc1MExXTmhRREUzTURReU5qZzBOelF3SGhjTk1qUXdNVEF6TURjMU5ETTBXaGNOTXpNeE1qTXhNRGMxTkRNMApXakFqTVNFd0h3WURWUVFEREJock0zTXRZMnhwWlc1MExXTmhRREUzTURReU5qZzBOelF3V1RBVEJnY3Foa2pPClBRSUJCZ2dxaGtqT1BRTUJCd05DQUFRbnlrWkhYVjBNTXFKWExjaXp3OHN1Z2hDSXlqNkdyS3A1THdycHZaMXYKRmhIcTNaVmt1Yi9kM2M2QzdONlo0dnBXWEZvYzN6eFBEQ2lUNzVpaTNHSC9vMEl3UURBT0JnTlZIUThCQWY4RQpCQU1DQXFRd0R3WURWUjBUQVFIL0JBVXdBd0VCL3pBZEJnTlZIUTRFRmdRVVJJSWZMYmFRa3FMTTlqa2ZwM0JtCkQzVVBtK0F3Q2dZSUtvWkl6ajBFQXdJRFJ3QXdSQUlnZDFIZThtWXY1TVFWRThWWG90M3doT2pHZGdHcHFJQmgKWS9YVTZpSTJFbjRDSURvT1NocGR6SDk0R2UvRmdMY2hYK05jWUMxZXdPWlpjNVgxVlp2eVI1RkoKLS0tLS1FTkQgQ0VSVElGSUNBVEUtLS0tLQo=\n    client-key-data: LS0tLS1CRUdJTiBFQyBQUklWQVRFIEtFWS0tLS0tCk1IY0NBUUVFSURqNXhzY2ZrazJsOFc3Y1UzdWg4WVNWYURxZHpoSGYySjFvNURoemlSODNvQW9HQ0NxR1NNNDkKQXdFSG9VUURRZ0FFWkQrTGd1NGNuRFAycTFkZ1NrcmhEZStNVERLR2xOd2w2QldET090WU96djFjMllnMTliWgp1SC9GSVpQOUN3RFMyZmxKb1NWWW44eEw2aTU4T1JmMjNBPT0KLS0tLS1FTkQgRUMgUFJJVkFURSBLRVktLS0tLQo=\n",
            "content_base64": null,
            "content_base64sha256": "AjIz1Reo9mz/B1W00Ex1nkoN0Jn2L/gJ6TTiDrL9UiE=",
            "content_base64sha512": "4nHfYTrelniMXvORiwKV/8C984s9F+TRE6gUpTQZn71tQNWi/NU+4msdJKOilct1jNBmqkC57WQJd/Ibf6ClEg==",
            "content_md5": "3d54b5e9c538d1f149a62a5551a6f406",
            "content_sha1": "873038e5e59f1ebd6fd0319cbe1f703569664af9",
            "content_sha256": "023233d517a8f66cff0755b4d04c759e4a0dd099f62ff809e934e20eb2fd5221",
            "content_sha512": "e271df613ade96788c5ef3918b0295ffc0bdf38b3d17e4d113a814a534199fbd6d40d5a2fcd53ee26b1d24a3a295cb758cd066aa40b9ed640977f21b7fa0a512",
            "directory_permission": "0755",
            "file_permission": "0600",
            "filename": "./kubeconfig",
            "id": "873038e5e59f1ebd6fd0319cbe1f703569664af9",
            "sensitive_content": null,
            "source": null
          },
          "sensitive_attributes": [
            [
              {
                "type": "get_attr",
                "value": "content"
              }
            ]
          ],
          "dependencies": [
            "civo_firewall.firewall",
            "civo_kubernetes_cluster.cluster"
          ]
        }
      ]
    }
  ],
  "check_results": null
}
